// !$*UTF8*$!
{
	archiveVersion = 1;
	classes = {
	};
	objectVersion = 50;
	objects = {

/* Begin PBXBuildFile section */
		212FB7C524315944008FE1C6 /* AppDelegate.swift in Sources */ = {isa = PBXBuildFile; fileRef = 212FB7C424315944008FE1C6 /* AppDelegate.swift */; };
		212FB7C724315944008FE1C6 /* SceneDelegate.swift in Sources */ = {isa = PBXBuildFile; fileRef = 212FB7C624315944008FE1C6 /* SceneDelegate.swift */; };
		212FB7C924315944008FE1C6 /* ContentView.swift in Sources */ = {isa = PBXBuildFile; fileRef = 212FB7C824315944008FE1C6 /* ContentView.swift */; };
		212FB7CB2431594B008FE1C6 /* Assets.xcassets in Resources */ = {isa = PBXBuildFile; fileRef = 212FB7CA2431594B008FE1C6 /* Assets.xcassets */; };
		212FB7CE2431594B008FE1C6 /* Preview Assets.xcassets in Resources */ = {isa = PBXBuildFile; fileRef = 212FB7CD2431594B008FE1C6 /* Preview Assets.xcassets */; };
		212FB7D12431594B008FE1C6 /* LaunchScreen.storyboard in Resources */ = {isa = PBXBuildFile; fileRef = 212FB7CF2431594B008FE1C6 /* LaunchScreen.storyboard */; };
		2141CC702432DE9C00008E40 /* Detail.swift in Sources */ = {isa = PBXBuildFile; fileRef = 2141CC6F2432DE9C00008E40 /* Detail.swift */; };
		2141CC722432DEB600008E40 /* Pokemon.swift in Sources */ = {isa = PBXBuildFile; fileRef = 2141CC712432DEB600008E40 /* Pokemon.swift */; };
		216B9FCF245874C200E579BB /* ImageLoader.swift in Sources */ = {isa = PBXBuildFile; fileRef = 216B9FCE245874C200E579BB /* ImageLoader.swift */; };
		216B9FD12458910000E579BB /* UrlImageView.swift in Sources */ = {isa = PBXBuildFile; fileRef = 216B9FD02458910000E579BB /* UrlImageView.swift */; };
		21E18D9D2431780300431C0F /* SearchBar.swift in Sources */ = {isa = PBXBuildFile; fileRef = 21E18D9C2431780300431C0F /* SearchBar.swift */; };
		21E18D9F24317B8500431C0F /* NetworkManager.swift in Sources */ = {isa = PBXBuildFile; fileRef = 21E18D9E24317B8500431C0F /* NetworkManager.swift */; };
/* End PBXBuildFile section */

/* Begin PBXFileReference section */
		212FB7C124315944008FE1C6 /* Pokedex.app */ = {isa = PBXFileReference; explicitFileType = wrapper.application; includeInIndex = 0; path = Pokedex.app; sourceTree = BUILT_PRODUCTS_DIR; };
		212FB7C424315944008FE1C6 /* AppDelegate.swift */ = {isa = PBXFileReference; lastKnownFileType = sourcecode.swift; path = AppDelegate.swift; sourceTree = "<group>"; };
		212FB7C624315944008FE1C6 /* SceneDelegate.swift */ = {isa = PBXFileReference; lastKnownFileType = sourcecode.swift; path = SceneDelegate.swift; sourceTree = "<group>"; };
		212FB7C824315944008FE1C6 /* ContentView.swift */ = {isa = PBXFileReference; lastKnownFileType = sourcecode.swift; path = ContentView.swift; sourceTree = "<group>"; };
		212FB7CA2431594B008FE1C6 /* Assets.xcassets */ = {isa = PBXFileReference; lastKnownFileType = folder.assetcatalog; path = Assets.xcassets; sourceTree = "<group>"; };
		212FB7CD2431594B008FE1C6 /* Preview Assets.xcassets */ = {isa = PBXFileReference; lastKnownFileType = folder.assetcatalog; path = "Preview Assets.xcassets"; sourceTree = "<group>"; };
		212FB7D02431594B008FE1C6 /* Base */ = {isa = PBXFileReference; lastKnownFileType = file.storyboard; name = Base; path = Base.lproj/LaunchScreen.storyboard; sourceTree = "<group>"; };
		212FB7D22431594B008FE1C6 /* Info.plist */ = {isa = PBXFileReference; lastKnownFileType = text.plist.xml; path = Info.plist; sourceTree = "<group>"; };
		2141CC6F2432DE9C00008E40 /* Detail.swift */ = {isa = PBXFileReference; lastKnownFileType = sourcecode.swift; path = Detail.swift; sourceTree = "<group>"; };
		2141CC712432DEB600008E40 /* Pokemon.swift */ = {isa = PBXFileReference; lastKnownFileType = sourcecode.swift; path = Pokemon.swift; sourceTree = "<group>"; };
		216B9FCE245874C200E579BB /* ImageLoader.swift */ = {isa = PBXFileReference; lastKnownFileType = sourcecode.swift; path = ImageLoader.swift; sourceTree = "<group>"; };
		216B9FD02458910000E579BB /* UrlImageView.swift */ = {isa = PBXFileReference; lastKnownFileType = sourcecode.swift; path = UrlImageView.swift; sourceTree = "<group>"; };
		21E18D9C2431780300431C0F /* SearchBar.swift */ = {isa = PBXFileReference; lastKnownFileType = sourcecode.swift; path = SearchBar.swift; sourceTree = "<group>"; };
		21E18D9E24317B8500431C0F /* NetworkManager.swift */ = {isa = PBXFileReference; lastKnownFileType = sourcecode.swift; path = NetworkManager.swift; sourceTree = "<group>"; };
/* End PBXFileReference section */

/* Begin PBXFrameworksBuildPhase section */
		212FB7BE24315944008FE1C6 /* Frameworks */ = {
			isa = PBXFrameworksBuildPhase;
			buildActionMask = 2147483647;
			files = (
			);
			runOnlyForDeploymentPostprocessing = 0;
		};
/* End PBXFrameworksBuildPhase section */

/* Begin PBXGroup section */
		212FB7B824315944008FE1C6 = {
			isa = PBXGroup;
			children = (
				212FB7C324315944008FE1C6 /* Pokedex */,
				212FB7C224315944008FE1C6 /* Products */,
			);
			sourceTree = "<group>";
		};
		212FB7C224315944008FE1C6 /* Products */ = {
			isa = PBXGroup;
			children = (
				212FB7C124315944008FE1C6 /* Pokedex.app */,
			);
			name = Products;
			sourceTree = "<group>";
		};
		212FB7C324315944008FE1C6 /* Pokedex */ = {
			isa = PBXGroup;
			children = (
				2141CC6E2432DE9000008E40 /* Model */,
				212FB7C424315944008FE1C6 /* AppDelegate.swift */,
				212FB7C624315944008FE1C6 /* SceneDelegate.swift */,
				212FB7C824315944008FE1C6 /* ContentView.swift */,
				21E18D9C2431780300431C0F /* SearchBar.swift */,
				21E18D9E24317B8500431C0F /* NetworkManager.swift */,
				216B9FCE245874C200E579BB /* ImageLoader.swift */,
				216B9FD02458910000E579BB /* UrlImageView.swift */,
				212FB7CA2431594B008FE1C6 /* Assets.xcassets */,
				212FB7CF2431594B008FE1C6 /* LaunchScreen.storyboard */,
				212FB7D22431594B008FE1C6 /* Info.plist */,
				212FB7CC2431594B008FE1C6 /* Preview Content */,
			);
			path = Pokedex;
			sourceTree = "<group>";
		};
		212FB7CC2431594B008FE1C6 /* Preview Content */ = {
			isa = PBXGroup;
			children = (
				212FB7CD2431594B008FE1C6 /* Preview Assets.xcassets */,
			);
			path = "Preview Content";
			sourceTree = "<group>";
		};
		2141CC6E2432DE9000008E40 /* Model */ = {
			isa = PBXGroup;
			children = (
				2141CC6F2432DE9C00008E40 /* Detail.swift */,
				2141CC712432DEB600008E40 /* Pokemon.swift */,
			);
			path = Model;
			sourceTree = "<group>";
		};
/* End PBXGroup section */

/* Begin PBXNativeTarget section */
		212FB7C024315944008FE1C6 /* Pokedex */ = {
			isa = PBXNativeTarget;
			buildConfigurationList = 212FB7D52431594B008FE1C6 /* Build configuration list for PBXNativeTarget "Pokedex" */;
			buildPhases = (
				212FB7BD24315944008FE1C6 /* Sources */,
				212FB7BE24315944008FE1C6 /* Frameworks */,
				212FB7BF24315944008FE1C6 /* Resources */,
			);
			buildRules = (
			);
			dependencies = (
			);
			name = Pokedex;
			productName = Pokedex;
			productReference = 212FB7C124315944008FE1C6 /* Pokedex.app */;
			productType = "com.apple.product-type.application";
		};
/* End PBXNativeTarget section */

/* Begin PBXProject section */
		212FB7B924315944008FE1C6 /* Project object */ = {
			isa = PBXProject;
			attributes = {
				LastSwiftUpdateCheck = 1130;
				LastUpgradeCheck = 1130;
				ORGANIZATIONNAME = "Aaron Treinish";
				TargetAttributes = {
					212FB7C024315944008FE1C6 = {
						CreatedOnToolsVersion = 11.3.1;
					};
				};
			};
			buildConfigurationList = 212FB7BC24315944008FE1C6 /* Build configuration list for PBXProject "Pokedex" */;
			compatibilityVersion = "Xcode 9.3";
			developmentRegion = en;
			hasScannedForEncodings = 0;
			knownRegions = (
				en,
				Base,
			);
			mainGroup = 212FB7B824315944008FE1C6;
			productRefGroup = 212FB7C224315944008FE1C6 /* Products */;
			projectDirPath = "";
			projectRoot = "";
			targets = (
				212FB7C024315944008FE1C6 /* Pokedex */,
			);
		};
/* End PBXProject section */

/* Begin PBXResourcesBuildPhase section */
		212FB7BF24315944008FE1C6 /* Resources */ = {
			isa = PBXResourcesBuildPhase;
			buildActionMask = 2147483647;
			files = (
				212FB7D12431594B008FE1C6 /* LaunchScreen.storyboard in Resources */,
				212FB7CE2431594B008FE1C6 /* Preview Assets.xcassets in Resources */,
				212FB7CB2431594B008FE1C6 /* Assets.xcassets in Resources */,
			);
			runOnlyForDeploymentPostprocessing = 0;
		};
/* End PBXResourcesBuildPhase section */

/* Begin PBXSourcesBuildPhase section */
		212FB7BD24315944008FE1C6 /* Sources */ = {
			isa = PBXSourcesBuildPhase;
			buildActionMask = 2147483647;
			files = (
				2141CC722432DEB600008E40 /* Pokemon.swift in Sources */,
				21E18D9F24317B8500431C0F /* NetworkManager.swift in Sources */,
				216B9FD12458910000E579BB /* UrlImageView.swift in Sources */,
				212FB7C524315944008FE1C6 /* AppDelegate.swift in Sources */,
				216B9FCF245874C200E579BB /* ImageLoader.swift in Sources */,
				2141CC702432DE9C00008E40 /* Detail.swift in Sources */,
				212FB7C724315944008FE1C6 /* SceneDelegate.swift in Sources */,
				21E18D9D2431780300431C0F /* SearchBar.swift in Sources */,
				212FB7C924315944008FE1C6 /* ContentView.swift in Sources */,
			);
			runOnlyForDeploymentPostprocessing = 0;
		};
/* End PBXSourcesBuildPhase section */

/* Begin PBXVariantGroup section */
		212FB7CF2431594B008FE1C6 /* LaunchScreen.storyboard */ = {
			isa = PBXVariantGroup;
			children = (
				212FB7D02431594B008FE1C6 /* Base */,
			);
			name = LaunchScreen.storyboard;
			sourceTree = "<group>";
		};
/* End PBXVariantGroup section */

/* Begin XCBuildConfiguration section */
		212FB7D32431594B008FE1C6 /* Debug */ = {
			isa = XCBuildConfiguration;
			buildSettings = {
				ALWAYS_SEARCH_USER_PATHS = NO;
				CLANG_ANALYZER_NONNULL = YES;
				CLANG_ANALYZER_NUMBER_OBJECT_CONVERSION = YES_AGGRESSIVE;
				CLANG_CXX_LANGUAGE_STANDARD = "gnu++14";
				CLANG_CXX_LIBRARY = "libc++";
				CLANG_ENABLE_MODULES = YES;
				CLANG_ENABLE_OBJC_ARC = YES;
				CLANG_ENABLE_OBJC_WEAK = YES;
				CLANG_WARN_BLOCK_CAPTURE_AUTORELEASING = YES;
				CLANG_WARN_BOOL_CONVERSION = YES;
				CLANG_WARN_COMMA = YES;
				CLANG_WARN_CONSTANT_CONVERSION = YES;
				CLANG_WARN_DEPRECATED_OBJC_IMPLEMENTATIONS = YES;
				CLANG_WARN_DIRECT_OBJC_ISA_USAGE = YES_ERROR;
				CLANG_WARN_DOCUMENTATION_COMMENTS = YES;
				CLANG_WARN_EMPTY_BODY = YES;
				CLANG_WARN_ENUM_CONVERSION = YES;
				CLANG_WARN_INFINITE_RECURSION = YES;
				CLANG_WARN_INT_CONVERSION = YES;
				CLANG_WARN_NON_LITERAL_NULL_CONVERSION = YES;
				CLANG_WARN_OBJC_IMPLICIT_RETAIN_SELF = YES;
				CLANG_WARN_OBJC_LITERAL_CONVERSION = YES;
				CLANG_WARN_OBJC_ROOT_CLASS = YES_ERROR;
				CLANG_WARN_RANGE_LOOP_ANALYSIS = YES;
				CLANG_WARN_STRICT_PROTOTYPES = YES;
				CLANG_WARN_SUSPICIOUS_MOVE = YES;
				CLANG_WARN_UNGUARDED_AVAILABILITY = YES_AGGRESSIVE;
				CLANG_WARN_UNREACHABLE_CODE = YES;
				CLANG_WARN__DUPLICATE_METHOD_MATCH = YES;
				COPY_PHASE_STRIP = NO;
				DEBUG_INFORMATION_FORMAT = dwarf;
				ENABLE_STRICT_OBJC_MSGSEND = YES;
				ENABLE_TESTABILITY = YES;
				GCC_C_LANGUAGE_STANDARD = gnu11;
				GCC_DYNAMIC_NO_PIC = NO;
				GCC_NO_COMMON_BLOCKS = YES;
				GCC_OPTIMIZATION_LEVEL = 0;
				GCC_PREPROCESSOR_DEFINITIONS = (
					"DEBUG=1",
					"$(inherited)",
				);
				GCC_WARN_64_TO_32_BIT_CONVERSION = YES;
				GCC_WARN_ABOUT_RETURN_TYPE = YES_ERROR;
				GCC_WARN_UNDECLARED_SELECTOR = YES;
				GCC_WARN_UNINITIALIZED_AUTOS = YES_AGGRESSIVE;
				GCC_WARN_UNUSED_FUNCTION = YES;
				GCC_WARN_UNUSED_VARIABLE = YES;
				IPHONEOS_DEPLOYMENT_TARGET = 13.2;
				MTL_ENABLE_DEBUG_INFO = INCLUDE_SOURCE;
				MTL_FAST_MATH = YES;
				ONLY_ACTIVE_ARCH = YES;
				SDKROOT = iphoneos;
				SWIFT_ACTIVE_COMPILATION_CONDITIONS = DEBUG;
				SWIFT_OPTIMIZATION_LEVEL = "-Onone";
			};
			name = Debug;
		};
		212FB7D42431594B008FE1C6 /* Release */ = {
			isa = XCBuildConfiguration;
			buildSettings = {
				ALWAYS_SEARCH_USER_PATHS = NO;
				CLANG_ANALYZER_NONNULL = YES;
				CLANG_ANALYZER_NUMBER_OBJECT_CONVERSION = YES_AGGRESSIVE;
				CLANG_CXX_LANGUAGE_STANDARD = "gnu++14";
				CLANG_CXX_LIBRARY = "libc++";
				CLANG_ENABLE_MODULES = YES;
				CLANG_ENABLE_OBJC_ARC = YES;
				CLANG_ENABLE_OBJC_WEAK = YES;
				CLANG_WARN_BLOCK_CAPTURE_AUTORELEASING = YES;
				CLANG_WARN_BOOL_CONVERSION = YES;
				CLANG_WARN_COMMA = YES;
				CLANG_WARN_CONSTANT_CONVERSION = YES;
				CLANG_WARN_DEPRECATED_OBJC_IMPLEMENTATIONS = YES;
				CLANG_WARN_DIRECT_OBJC_ISA_USAGE = YES_ERROR;
				CLANG_WARN_DOCUMENTATION_COMMENTS = YES;
				CLANG_WARN_EMPTY_BODY = YES;
				CLANG_WARN_ENUM_CONVERSION = YES;
				CLANG_WARN_INFINITE_RECURSION = YES;
				CLANG_WARN_INT_CONVERSION = YES;
				CLANG_WARN_NON_LITERAL_NULL_CONVERSION = YES;
				CLANG_WARN_OBJC_IMPLICIT_RETAIN_SELF = YES;
				CLANG_WARN_OBJC_LITERAL_CONVERSION = YES;
				CLANG_WARN_OBJC_ROOT_CLASS = YES_ERROR;
				CLANG_WARN_RANGE_LOOP_ANALYSIS = YES;
				CLANG_WARN_STRICT_PROTOTYPES = YES;
				CLANG_WARN_SUSPICIOUS_MOVE = YES;
				CLANG_WARN_UNGUARDED_AVAILABILITY = YES_AGGRESSIVE;
				CLANG_WARN_UNREACHABLE_CODE = YES;
				CLANG_WARN__DUPLICATE_METHOD_MATCH = YES;
				COPY_PHASE_STRIP = NO;
				DEBUG_INFORMATION_FORMAT = "dwarf-with-dsym";
				ENABLE_NS_ASSERTIONS = NO;
				ENABLE_STRICT_OBJC_MSGSEND = YES;
				GCC_C_LANGUAGE_STANDARD = gnu11;
				GCC_NO_COMMON_BLOCKS = YES;
				GCC_WARN_64_TO_32_BIT_CONVERSION = YES;
				GCC_WARN_ABOUT_RETURN_TYPE = YES_ERROR;
				GCC_WARN_UNDECLARED_SELECTOR = YES;
				GCC_WARN_UNINITIALIZED_AUTOS = YES_AGGRESSIVE;
				GCC_WARN_UNUSED_FUNCTION = YES;
				GCC_WARN_UNUSED_VARIABLE = YES;
				IPHONEOS_DEPLOYMENT_TARGET = 13.2;
				MTL_ENABLE_DEBUG_INFO = NO;
				MTL_FAST_MATH = YES;
				SDKROOT = iphoneos;
				SWIFT_COMPILATION_MODE = wholemodule;
				SWIFT_OPTIMIZATION_LEVEL = "-O";
				VALIDATE_PRODUCT = YES;
			};
			name = Release;
		};
		212FB7D62431594B008FE1C6 /* Debug */ = {
			isa = XCBuildConfiguration;
			buildSettings = {
				ASSETCATALOG_COMPILER_APPICON_NAME = AppIcon;
				CODE_SIGN_STYLE = Automatic;
				DEVELOPMENT_ASSET_PATHS = "\"Pokedex/Preview Content\"";
				DEVELOPMENT_TEAM = NP8854APR4;
				ENABLE_PREVIEWS = YES;
				INFOPLIST_FILE = Pokedex/Info.plist;
				LD_RUNPATH_SEARCH_PATHS = (
					"$(inherited)",
					"@executable_path/Frameworks",
				);
				PRODUCT_BUNDLE_IDENTIFIER = com.Aarontreinish.Pokedex;
				PRODUCT_NAME = "$(TARGET_NAME)";
				SWIFT_VERSION = 5.0;
				TARGETED_DEVICE_FAMILY = "1,2";
			};
			name = Debug;
		};
		212FB7D72431594B008FE1C6 /* Release */ = {
			isa = XCBuildConfiguration;
			buildSettings = {
				ASSETCATALOG_COMPILER_APPICON_NAME = AppIcon;
				CODE_SIGN_STYLE = Automatic;
				DEVELOPMENT_ASSET_PATHS = "\"Pokedex/Preview Content\"";
				DEVELOPMENT_TEAM = NP8854APR4;
				ENABLE_PREVIEWS = YES;
				INFOPLIST_FILE = Pokedex/Info.plist;
				LD_RUNPATH_SEARCH_PATHS = (
					"$(inherited)",
					"@executable_path/Frameworks",
				);
				PRODUCT_BUNDLE_IDENTIFIER = com.Aarontreinish.Pokedex;
				PRODUCT_NAME = "$(TARGET_NAME)";
				SWIFT_VERSION = 5.0;
				TARGETED_DEVICE_FAMILY = "1,2";
			};
			name = Release;
		};
/* End XCBuildConfiguration section */

/* Begin XCConfigurationList section */
		212FB7BC24315944008FE1C6 /* Build configuration list for PBXProject "Pokedex" */ = {
			isa = XCConfigurationList;
			buildConfigurations = (
				212FB7D32431594B008FE1C6 /* Debug */,
				212FB7D42431594B008FE1C6 /* Release */,
			);
			defaultConfigurationIsVisible = 0;
			defaultConfigurationName = Release;
		};
		212FB7D52431594B008FE1C6 /* Build configuration list for PBXNativeTarget "Pokedex" */ = {
			isa = XCConfigurationList;
			buildConfigurations = (
				212FB7D62431594B008FE1C6 /* Debug */,
				212FB7D72431594B008FE1C6 /* Release */,
			);
			defaultConfigurationIsVisible = 0;
			defaultConfigurationName = Release;
		};
/* End XCConfigurationList section */
	};
	rootObject = 212FB7B924315944008FE1C6 /* Project object */;
}
